
Microsoft Visual Studio Solution File, Format Version 12.00
# Visual Studio 2012
Project("{FAE04EC0-301F-11D3-BF4B-00C04F79EFBC}") = "NControl.Controls.SvgImageView", "NControl.Controls.SvgImageView\NControl.Controls.SvgImageView.csproj", "{05950D26-8F4C-4517-9295-C30655190F99}"
EndProject
Project("{FAE04EC0-301F-11D3-BF4B-00C04F79EFBC}") = "NControl.Controls.SvgImageView.iOS", "NControl.Controls.SvgImageView.iOS\NControl.Controls.SvgImageView.iOS.csproj", "{58B41F20-DAE7-40C2-9021-980EED46857F}"
EndProject
Project("{FAE04EC0-301F-11D3-BF4B-00C04F79EFBC}") = "NControl.Controls.SvgImageView.Android", "NControl.Control.SvgImageView.Android\NControl.Controls.SvgImageView.Android.csproj", "{418F7F98-8509-4210-983E-7DEE1198426A}"
EndProject
Global
	GlobalSection(SolutionConfigurationPlatforms) = preSolution
		Debug|Any CPU = Debug|Any CPU
		Release|Any CPU = Release|Any CPU
	EndGlobalSection
	GlobalSection(ProjectConfigurationPlatforms) = postSolution
		{05950D26-8F4C-4517-9295-C30655190F99}.Debug|Any CPU.ActiveCfg = Debug|Any CPU
		{05950D26-8F4C-4517-9295-C30655190F99}.Debug|Any CPU.Build.0 = Debug|Any CPU
		{05950D26-8F4C-4517-9295-C30655190F99}.Release|Any CPU.ActiveCfg = Release|Any CPU
		{05950D26-8F4C-4517-9295-C30655190F99}.Release|Any CPU.Build.0 = Release|Any CPU
		{418F7F98-8509-4210-983E-7DEE1198426A}.Debug|Any CPU.ActiveCfg = Debug|Any CPU
		{418F7F98-8509-4210-983E-7DEE1198426A}.Debug|Any CPU.Build.0 = Debug|Any CPU
		{418F7F98-8509-4210-983E-7DEE1198426A}.Release|Any CPU.ActiveCfg = Release|Any CPU
		{418F7F98-8509-4210-983E-7DEE1198426A}.Release|Any CPU.Build.0 = Release|Any CPU
		{58B41F20-DAE7-40C2-9021-980EED46857F}.Debug|Any CPU.ActiveCfg = Debug|Any CPU
		{58B41F20-DAE7-40C2-9021-980EED46857F}.Debug|Any CPU.Build.0 = Debug|Any CPU
		{58B41F20-DAE7-40C2-9021-980EED46857F}.Release|Any CPU.ActiveCfg = Release|Any CPU
		{58B41F20-DAE7-40C2-9021-980EED46857F}.Release|Any CPU.Build.0 = Release|Any CPU
	EndGlobalSection
	GlobalSection(MonoDevelopProperties) = preSolution
		Policies = $0
		$0.TextStylePolicy = $1
		$1.FileWidth = 120
		$1.inheritsSet = VisualStudio
		$1.inheritsScope = text/plain
		$1.scope = text/plain
		$0.TextStylePolicy = $2
		$2.inheritsSet = null
		$2.scope = text/x-csharp
		$0.StandardHeader = $3
		$3.Text = 
		$3.IncludeInNewFiles = True
		$0.CSharpFormattingPolicy = $4
		$4.IndentSwitchBody = True
		$4.NamespaceBraceStyle = EndOfLine
		$4.ClassBraceStyle = EndOfLine
		$4.InterfaceBraceStyle = EndOfLine
		$4.StructBraceStyle = EndOfLine
		$4.EnumBraceStyle = EndOfLine
		$4.MethodBraceStyle = EndOfLine
		$4.ConstructorBraceStyle = EndOfLine
		$4.DestructorBraceStyle = EndOfLine
		$4.ElseNewLinePlacement = NewLine
		$4.ElseIfNewLinePlacement = DoNotCare
		$4.CatchNewLinePlacement = NewLine
		$4.FinallyNewLinePlacement = NewLine
		$4.BeforeMethodDeclarationParentheses = False
		$4.BeforeMethodCallParentheses = False
		$4.BeforeConstructorDeclarationParentheses = False
		$4.BeforeIndexerDeclarationBracket = False
		$4.BeforeDelegateDeclarationParentheses = False
		$4.AfterDelegateDeclarationParameterComma = True
		$4.NewParentheses = False
		$4.SpacesBeforeBrackets = False
		$4.BlankLinesBetweenTypes = 0
		$4.BlankLinesBetweenMembers = 0
		$4.inheritsSet = Mono
		$4.inheritsScope = text/x-csharp
		$4.scope = text/x-csharp
		$0.TextStylePolicy = $5
		$5.FileWidth = 120
		$5.TabsToSpaces = False
		$5.NoTabsAfterNonTabs = True
		$5.inheritsSet = VisualStudio
		$5.inheritsScope = text/plain
		$5.scope = application/xml
		$0.XmlFormattingPolicy = $6
		$6.inheritsSet = Mono
		$6.inheritsScope = application/xml
		$6.scope = application/xml
	EndGlobalSection
EndGlobal
